
Microsoft Visual Studio Solution File, Format Version 12.00
# Visual Studio Version 17
VisualStudioVersion = 17.5.002.0
MinimumVisualStudioVersion = 10.0.40219.1
Project("{9A19103F-16F7-4668-BE54-9A1E7A4F7556}") = "AwesomeShopPatterns.API", "AwesomeShopPatterns.API.csproj", "{5CAE2B17-6DC3-41EB-8DEA-A2FBD5FA2AA7}"
EndProject
Global
	GlobalSection(SolutionConfigurationPlatforms) = preSolution
		Debug|Any CPU = Debug|Any CPU
		Release|Any CPU = Release|Any CPU
	EndGlobalSection
	GlobalSection(ProjectConfigurationPlatforms) = postSolution
		{5CAE2B17-6DC3-41EB-8DEA-A2FBD5FA2AA7}.Debug|Any CPU.ActiveCfg = Debug|Any CPU
		{5CAE2B17-6DC3-41EB-8DEA-A2FBD5FA2AA7}.Debug|Any CPU.Build.0 = Debug|Any CPU
		{5CAE2B17-6DC3-41EB-8DEA-A2FBD5FA2AA7}.Release|Any CPU.ActiveCfg = Release|Any CPU
		{5CAE2B17-6DC3-41EB-8DEA-A2FBD5FA2AA7}.Release|Any CPU.Build.0 = Release|Any CPU
	EndGlobalSection
	GlobalSection(SolutionProperties) = preSolution
		HideSolutionNode = FALSE
	EndGlobalSection
	GlobalSection(ExtensibilityGlobals) = postSolution
		SolutionGuid = {CD18B8B8-33BF-4FFB-8EC8-78DF9FAD89FE}
	EndGlobalSection
EndGlobal
