
Microsoft Visual Studio Solution File, Format Version 12.00
# Visual Studio Version 17
VisualStudioVersion = 17.5.002.0
MinimumVisualStudioVersion = 10.0.40219.1
Project("{9A19103F-16F7-4668-BE54-9A1E7A4F7556}") = "AwesomeShopPatterns.API", "AwesomeShopPatterns.API.csproj", "{98AC1A46-CABA-4905-AF1E-99576D70EACD}"
EndProject
Global
	GlobalSection(SolutionConfigurationPlatforms) = preSolution
		Debug|Any CPU = Debug|Any CPU
		Release|Any CPU = Release|Any CPU
	EndGlobalSection
	GlobalSection(ProjectConfigurationPlatforms) = postSolution
		{98AC1A46-CABA-4905-AF1E-99576D70EACD}.Debug|Any CPU.ActiveCfg = Debug|Any CPU
		{98AC1A46-CABA-4905-AF1E-99576D70EACD}.Debug|Any CPU.Build.0 = Debug|Any CPU
		{98AC1A46-CABA-4905-AF1E-99576D70EACD}.Release|Any CPU.ActiveCfg = Release|Any CPU
		{98AC1A46-CABA-4905-AF1E-99576D70EACD}.Release|Any CPU.Build.0 = Release|Any CPU
	EndGlobalSection
	GlobalSection(SolutionProperties) = preSolution
		HideSolutionNode = FALSE
	EndGlobalSection
	GlobalSection(ExtensibilityGlobals) = postSolution
		SolutionGuid = {1211866A-4C97-400F-B7BB-C769EE6F1A48}
	EndGlobalSection
EndGlobal
